
Microsoft Visual Studio Solution File, Format Version 11.00
# Visual Studio 2010
Project("{FAE04EC0-301F-11D3-BF4B-00C04F79EFBC}") = "DidDo.Android", "DidDo\DidDo.Android.csproj", "{B23863D0-91C2-44B7-84B7-E99D86B4649E}"
EndProject
Global
	GlobalSection(SolutionConfigurationPlatforms) = preSolution
		Debug|Any CPU = Debug|Any CPU
		Release|Any CPU = Release|Any CPU
	EndGlobalSection
	GlobalSection(ProjectConfigurationPlatforms) = postSolution
		{B23863D0-91C2-44B7-84B7-E99D86B4649E}.Debug|Any CPU.ActiveCfg = Debug|Any CPU
		{B23863D0-91C2-44B7-84B7-E99D86B4649E}.Debug|Any CPU.Build.0 = Debug|Any CPU
		{B23863D0-91C2-44B7-84B7-E99D86B4649E}.Release|Any CPU.ActiveCfg = Release|Any CPU
		{B23863D0-91C2-44B7-84B7-E99D86B4649E}.Release|Any CPU.Build.0 = Release|Any CPU
	EndGlobalSection
	GlobalSection(MonoDevelopProperties) = preSolution
		StartupItem = DidDo\DidDo.Android.csproj
	EndGlobalSection
EndGlobal
